Microsoft Visual Studio Solution File, Format Version 12.00
# Visual Studio Version 17
VisualStudioVersion = 17.0.31512.422
MinimumVisualStudioVersion = 10.0.40219.1
Project("{2150E333-8FDC-42A3-9474-1A3956D46DE8}") = "Files", "Files", "{0039724A-6303-4D73-B5B2-7063DF16C573}"
	ProjectSection(SolutionItems) = preProject
		CODE_OF_CONDUCT.md = CODE_OF_CONDUCT.md
		CONTRIBUTING.md = CONTRIBUTING.md
		LICENSE.txt = LICENSE.txt
		LOCALIZATION.md = LOCALIZATION.md
		README.md = README.md
	EndProjectSection
EndProject
Project("{9A19103F-16F7-4668-BE54-9A1E7A4F7556}") = "ScreenToGif", "ScreenToGif\ScreenToGif.csproj", "{9A332077-74BA-4C6A-8381-6D98C31A490A}"
EndProject
Project("{2150E333-8FDC-42A3-9474-1A3956D46DE8}") = "Other", "Other", "{13F2A1B9-496A-446E-8B06-776ACAE5CEA4}"
EndProject
Project("{9A19103F-16F7-4668-BE54-9A1E7A4F7556}") = "Translator", "Other\Translator\Translator.csproj", "{8B516DFB-0981-48A2-8A06-35F085C13980}"
EndProject
Project("{9A19103F-16F7-4668-BE54-9A1E7A4F7556}") = "ScreenToGif.Domain", "ScreenToGif.Model\ScreenToGif.Domain.csproj", "{EEE831AD-1447-474D-9875-94E56A854E71}"
EndProject
Project("{9A19103F-16F7-4668-BE54-9A1E7A4F7556}") = "ScreenToGif.Native", "ScreenToGif.Native\ScreenToGif.Native.csproj", "{66D60F4A-C0B4-4077-8DE6-0431F6AD5E87}"
EndProject
Project("{9A19103F-16F7-4668-BE54-9A1E7A4F7556}") = "ScreenToGif.Test", "ScreenToGif.Test\ScreenToGif.Test.csproj", "{9D64714B-20BC-4A18-B89F-FA432E710EB4}"
EndProject
Project("{9A19103F-16F7-4668-BE54-9A1E7A4F7556}") = "ScreenToGif.Util", "ScreenToGif.Util\ScreenToGif.Util.csproj", "{B39A6DFB-F44E-403D-9451-3CEAD3423135}"
EndProject
Project("{9A19103F-16F7-4668-BE54-9A1E7A4F7556}") = "ScreenToGif.ViewModel", "ScreenToGif.ViewModel\ScreenToGif.ViewModel.csproj", "{97AAAA14-2793-49B7-96C5-6C6E83C55EB7}"
EndProject
Global
	GlobalSection(SolutionConfigurationPlatforms) = preSolution
		Debug|Any CPU = Debug|Any CPU
		Debug|ARM64 = Debug|ARM64
		Debug|x64 = Debug|x64
		Debug|x86 = Debug|x86
		Release|Any CPU = Release|Any CPU
		Release|ARM64 = Release|ARM64
		Release|x64 = Release|x64
		Release|x86 = Release|x86
	EndGlobalSection
	GlobalSection(ProjectConfigurationPlatforms) = postSolution
		{9A332077-74BA-4C6A-8381-6D98C31A490A}.Debug|Any CPU.ActiveCfg = Debug|Any CPU
		{9A332077-74BA-4C6A-8381-6D98C31A490A}.Debug|Any CPU.Build.0 = Debug|Any CPU
		{9A332077-74BA-4C6A-8381-6D98C31A490A}.Debug|ARM64.ActiveCfg = Debug|ARM64
		{9A332077-74BA-4C6A-8381-6D98C31A490A}.Debug|ARM64.Build.0 = Debug|ARM64
		{9A332077-74BA-4C6A-8381-6D98C31A490A}.Debug|x64.ActiveCfg = Debug|x64
		{9A332077-74BA-4C6A-8381-6D98C31A490A}.Debug|x64.Build.0 = Debug|x64
		{9A332077-74BA-4C6A-8381-6D98C31A490A}.Debug|x86.ActiveCfg = Debug|x86
		{9A332077-74BA-4C6A-8381-6D98C31A490A}.Debug|x86.Build.0 = Debug|x86
		{9A332077-74BA-4C6A-8381-6D98C31A490A}.Release|Any CPU.ActiveCfg = Release|Any CPU
		{9A332077-74BA-4C6A-8381-6D98C31A490A}.Release|Any CPU.Build.0 = Release|Any CPU
		{9A332077-74BA-4C6A-8381-6D98C31A490A}.Release|ARM64.ActiveCfg = Release|ARM64
		{9A332077-74BA-4C6A-8381-6D98C31A490A}.Release|ARM64.Build.0 = Release|ARM64
		{9A332077-74BA-4C6A-8381-6D98C31A490A}.Release|x64.ActiveCfg = Release|x64
		{9A332077-74BA-4C6A-8381-6D98C31A490A}.Release|x64.Build.0 = Release|x64
		{9A332077-74BA-4C6A-8381-6D98C31A490A}.Release|x86.ActiveCfg = Release|x86
		{9A332077-74BA-4C6A-8381-6D98C31A490A}.Release|x86.Build.0 = Release|x86
		{8B516DFB-0981-48A2-8A06-35F085C13980}.Debug|Any CPU.ActiveCfg = Debug|Any CPU
		{8B516DFB-0981-48A2-8A06-35F085C13980}.Debug|Any CPU.Build.0 = Debug|Any CPU
		{8B516DFB-0981-48A2-8A06-35F085C13980}.Debug|ARM64.ActiveCfg = Debug|ARM64
		{8B516DFB-0981-48A2-8A06-35F085C13980}.Debug|x64.ActiveCfg = Debug|x64
		{8B516DFB-0981-48A2-8A06-35F085C13980}.Debug|x86.ActiveCfg = Debug|x86
		{8B516DFB-0981-48A2-8A06-35F085C13980}.Release|Any CPU.ActiveCfg = Release|Any CPU
		{8B516DFB-0981-48A2-8A06-35F085C13980}.Release|Any CPU.Build.0 = Release|Any CPU
		{8B516DFB-0981-48A2-8A06-35F085C13980}.Release|ARM64.ActiveCfg = Release|ARM64
		{8B516DFB-0981-48A2-8A06-35F085C13980}.Release|x64.ActiveCfg = Release|x64
		{8B516DFB-0981-48A2-8A06-35F085C13980}.Release|x86.ActiveCfg = Release|x86
		{EEE831AD-1447-474D-9875-94E56A854E71}.Debug|Any CPU.ActiveCfg = Debug|Any CPU
		{EEE831AD-1447-474D-9875-94E56A854E71}.Debug|Any CPU.Build.0 = Debug|Any CPU
		{EEE831AD-1447-474D-9875-94E56A854E71}.Debug|ARM64.ActiveCfg = Debug|ARM64
		{EEE831AD-1447-474D-9875-94E56A854E71}.Debug|ARM64.Build.0 = Debug|ARM64
		{EEE831AD-1447-474D-9875-94E56A854E71}.Debug|x64.ActiveCfg = Debug|x64
		{EEE831AD-1447-474D-9875-94E56A854E71}.Debug|x64.Build.0 = Debug|x64
		{EEE831AD-1447-474D-9875-94E56A854E71}.Debug|x86.ActiveCfg = Debug|x86
		{EEE831AD-1447-474D-9875-94E56A854E71}.Debug|x86.Build.0 = Debug|x86
		{EEE831AD-1447-474D-9875-94E56A854E71}.Release|Any CPU.ActiveCfg = Release|Any CPU
		{EEE831AD-1447-474D-9875-94E56A854E71}.Release|Any CPU.Build.0 = Release|Any CPU
		{EEE831AD-1447-474D-9875-94E56A854E71}.Release|ARM64.ActiveCfg = Release|ARM64
		{EEE831AD-1447-474D-9875-94E56A854E71}.Release|ARM64.Build.0 = Release|ARM64
		{EEE831AD-1447-474D-9875-94E56A854E71}.Release|x64.ActiveCfg = Release|x64
		{EEE831AD-1447-474D-9875-94E56A854E71}.Release|x64.Build.0 = Release|x64
		{EEE831AD-1447-474D-9875-94E56A854E71}.Release|x86.ActiveCfg = Release|x86
		{EEE831AD-1447-474D-9875-94E56A854E71}.Release|x86.Build.0 = Release|x86
		{66D60F4A-C0B4-4077-8DE6-0431F6AD5E87}.Debug|Any CPU.ActiveCfg = Debug|Any CPU
		{66D60F4A-C0B4-4077-8DE6-0431F6AD5E87}.Debug|Any CPU.Build.0 = Debug|Any CPU
		{66D60F4A-C0B4-4077-8DE6-0431F6AD5E87}.Debug|ARM64.ActiveCfg = Debug|ARM64
		{66D60F4A-C0B4-4077-8DE6-0431F6AD5E87}.Debug|ARM64.Build.0 = Debug|ARM64
		{66D60F4A-C0B4-4077-8DE6-0431F6AD5E87}.Debug|x64.ActiveCfg = Debug|x64
		{66D60F4A-C0B4-4077-8DE6-0431F6AD5E87}.Debug|x64.Build.0 = Debug|x64
		{66D60F4A-C0B4-4077-8DE6-0431F6AD5E87}.Debug|x86.ActiveCfg = Debug|x86
		{66D60F4A-C0B4-4077-8DE6-0431F6AD5E87}.Debug|x86.Build.0 = Debug|x86
		{66D60F4A-C0B4-4077-8DE6-0431F6AD5E87}.Release|Any CPU.ActiveCfg = Release|Any CPU
		{66D60F4A-C0B4-4077-8DE6-0431F6AD5E87}.Release|Any CPU.Build.0 = Release|Any CPU
		{66D60F4A-C0B4-4077-8DE6-0431F6AD5E87}.Release|ARM64.ActiveCfg = Release|ARM64
		{66D60F4A-C0B4-4077-8DE6-0431F6AD5E87}.Release|ARM64.Build.0 = Release|ARM64
		{66D60F4A-C0B4-4077-8DE6-0431F6AD5E87}.Release|x64.ActiveCfg = Release|x64
		{66D60F4A-C0B4-4077-8DE6-0431F6AD5E87}.Release|x64.Build.0 = Release|x64
		{66D60F4A-C0B4-4077-8DE6-0431F6AD5E87}.Release|x86.ActiveCfg = Release|x86
		{66D60F4A-C0B4-4077-8DE6-0431F6AD5E87}.Release|x86.Build.0 = Release|x86
		{9D64714B-20BC-4A18-B89F-FA432E710EB4}.Debug|Any CPU.ActiveCfg = Debug|Any CPU
		{9D64714B-20BC-4A18-B89F-FA432E710EB4}.Debug|Any CPU.Build.0 = Debug|Any CPU
		{9D64714B-20BC-4A18-B89F-FA432E710EB4}.Debug|ARM64.ActiveCfg = Debug|ARM64
		{9D64714B-20BC-4A18-B89F-FA432E710EB4}.Debug|ARM64.Build.0 = Debug|ARM64
		{9D64714B-20BC-4A18-B89F-FA432E710EB4}.Debug|x64.ActiveCfg = Debug|x64
		{9D64714B-20BC-4A18-B89F-FA432E710EB4}.Debug|x64.Build.0 = Debug|x64
		{9D64714B-20BC-4A18-B89F-FA432E710EB4}.Debug|x86.ActiveCfg = Debug|x86
		{9D64714B-20BC-4A18-B89F-FA432E710EB4}.Debug|x86.Build.0 = Debug|x86
		{9D64714B-20BC-4A18-B89F-FA432E710EB4}.Release|Any CPU.ActiveCfg = Release|Any CPU
		{9D64714B-20BC-4A18-B89F-FA432E710EB4}.Release|Any CPU.Build.0 = Release|Any CPU
		{9D64714B-20BC-4A18-B89F-FA432E710EB4}.Release|ARM64.ActiveCfg = Release|ARM64
		{9D64714B-20BC-4A18-B89F-FA432E710EB4}.Release|ARM64.Build.0 = Release|ARM64
		{9D64714B-20BC-4A18-B89F-FA432E710EB4}.Release|x64.ActiveCfg = Release|x64
		{9D64714B-20BC-4A18-B89F-FA432E710EB4}.Release|x64.Build.0 = Release|x64
		{9D64714B-20BC-4A18-B89F-FA432E710EB4}.Release|x86.ActiveCfg = Release|x86
		{9D64714B-20BC-4A18-B89F-FA432E710EB4}.Release|x86.Build.0 = Release|x86
		{B39A6DFB-F44E-403D-9451-3CEAD3423135}.Debug|Any CPU.ActiveCfg = Debug|Any CPU
		{B39A6DFB-F44E-403D-9451-3CEAD3423135}.Debug|Any CPU.Build.0 = Debug|Any CPU
		{B39A6DFB-F44E-403D-9451-3CEAD3423135}.Debug|ARM64.ActiveCfg = Debug|ARM64
		{B39A6DFB-F44E-403D-9451-3CEAD3423135}.Debug|ARM64.Build.0 = Debug|ARM64
		{B39A6DFB-F44E-403D-9451-3CEAD3423135}.Debug|x64.ActiveCfg = Debug|x64
		{B39A6DFB-F44E-403D-9451-3CEAD3423135}.Debug|x64.Build.0 = Debug|x64
		{B39A6DFB-F44E-403D-9451-3CEAD3423135}.Debug|x86.ActiveCfg = Debug|x86
		{B39A6DFB-F44E-403D-9451-3CEAD3423135}.Debug|x86.Build.0 = Debug|x86
		{B39A6DFB-F44E-403D-9451-3CEAD3423135}.Release|Any CPU.ActiveCfg = Release|Any CPU
		{B39A6DFB-F44E-403D-9451-3CEAD3423135}.Release|Any CPU.Build.0 = Release|Any CPU
		{B39A6DFB-F44E-403D-9451-3CEAD3423135}.Release|ARM64.ActiveCfg = Release|ARM64
		{B39A6DFB-F44E-403D-9451-3CEAD3423135}.Release|ARM64.Build.0 = Release|ARM64
		{B39A6DFB-F44E-403D-9451-3CEAD3423135}.Release|x64.ActiveCfg = Release|x64
		{B39A6DFB-F44E-403D-9451-3CEAD3423135}.Release|x64.Build.0 = Release|x64
		{B39A6DFB-F44E-403D-9451-3CEAD3423135}.Release|x86.ActiveCfg = Release|x86
		{B39A6DFB-F44E-403D-9451-3CEAD3423135}.Release|x86.Build.0 = Release|x86
		{97AAAA14-2793-49B7-96C5-6C6E83C55EB7}.Debug|Any CPU.ActiveCfg = Debug|Any CPU
		{97AAAA14-2793-49B7-96C5-6C6E83C55EB7}.Debug|Any CPU.Build.0 = Debug|Any CPU
		{97AAAA14-2793-49B7-96C5-6C6E83C55EB7}.Debug|ARM64.ActiveCfg = Debug|ARM64
		{97AAAA14-2793-49B7-96C5-6C6E83C55EB7}.Debug|ARM64.Build.0 = Debug|ARM64
		{97AAAA14-2793-49B7-96C5-6C6E83C55EB7}.Debug|x64.ActiveCfg = Debug|x64
		{97AAAA14-2793-49B7-96C5-6C6E83C55EB7}.Debug|x64.Build.0 = Debug|x64
		{97AAAA14-2793-49B7-96C5-6C6E83C55EB7}.Debug|x86.ActiveCfg = Debug|x86
		{97AAAA14-2793-49B7-96C5-6C6E83C55EB7}.Debug|x86.Build.0 = Debug|x86
		{97AAAA14-2793-49B7-96C5-6C6E83C55EB7}.Release|Any CPU.ActiveCfg = Release|Any CPU
		{97AAAA14-2793-49B7-96C5-6C6E83C55EB7}.Release|Any CPU.Build.0 = Release|Any CPU
		{97AAAA14-2793-49B7-96C5-6C6E83C55EB7}.Release|ARM64.ActiveCfg = Release|ARM64
		{97AAAA14-2793-49B7-96C5-6C6E83C55EB7}.Release|ARM64.Build.0 = Release|ARM64
		{97AAAA14-2793-49B7-96C5-6C6E83C55EB7}.Release|x64.ActiveCfg = Release|x64
		{97AAAA14-2793-49B7-96C5-6C6E83C55EB7}.Release|x64.Build.0 = Release|x64
		{97AAAA14-2793-49B7-96C5-6C6E83C55EB7}.Release|x86.ActiveCfg = Release|x86
		{97AAAA14-2793-49B7-96C5-6C6E83C55EB7}.Release|x86.Build.0 = Release|x86
	EndGlobalSection
	GlobalSection(SolutionProperties) = preSolution
		HideSolutionNode = FALSE
	EndGlobalSection
	GlobalSection(NestedProjects) = preSolution
		{8B516DFB-0981-48A2-8A06-35F085C13980} = {13F2A1B9-496A-446E-8B06-776ACAE5CEA4}
	EndGlobalSection
	GlobalSection(ExtensibilityGlobals) = postSolution
		SolutionGuid = {E505E312-14B9-49C0-AC18-B3B2FB6C1661}
	EndGlobalSection
EndGlobal
