Microsoft Visual Studio Solution File, Format Version 12.00
# Visual Studio Version 17
VisualStudioVersion = 17.0.31903.59
MinimumVisualStudioVersion = 10.0.40219.1
Project("{9A19103F-16F7-4668-BE54-9A1E7A4F7556}") = "ScreenToGif.Linux", "ScreenToGif.Linux\ScreenToGif.Linux.csproj", "{6B4F9E79-7A5A-4C08-9ED8-2D48D61B6FD1}"
EndProject
Project("{9A19103F-16F7-4668-BE54-9A1E7A4F7556}") = "ScreenToGif.Linux.Tests", "ScreenToGif.Linux.Tests\ScreenToGif.Linux.Tests.csproj", "{BE4AE6FE-8BE9-4AC4-AE24-45D7B04DF1A2}"
EndProject
Global
	GlobalSection(SolutionConfigurationPlatforms) = preSolution
		Debug|Any CPU = Debug|Any CPU
		Release|Any CPU = Release|Any CPU
	EndGlobalSection
	GlobalSection(ProjectConfigurationPlatforms) = postSolution
		{6B4F9E79-7A5A-4C08-9ED8-2D48D61B6FD1}.Debug|Any CPU.ActiveCfg = Debug|Any CPU
		{6B4F9E79-7A5A-4C08-9ED8-2D48D61B6FD1}.Debug|Any CPU.Build.0 = Debug|Any CPU
		{6B4F9E79-7A5A-4C08-9ED8-2D48D61B6FD1}.Release|Any CPU.ActiveCfg = Release|Any CPU
		{6B4F9E79-7A5A-4C08-9ED8-2D48D61B6FD1}.Release|Any CPU.Build.0 = Release|Any CPU
		{BE4AE6FE-8BE9-4AC4-AE24-45D7B04DF1A2}.Debug|Any CPU.ActiveCfg = Debug|Any CPU
		{BE4AE6FE-8BE9-4AC4-AE24-45D7B04DF1A2}.Debug|Any CPU.Build.0 = Debug|Any CPU
		{BE4AE6FE-8BE9-4AC4-AE24-45D7B04DF1A2}.Release|Any CPU.ActiveCfg = Release|Any CPU
		{BE4AE6FE-8BE9-4AC4-AE24-45D7B04DF1A2}.Release|Any CPU.Build.0 = Release|Any CPU
	EndGlobalSection
	GlobalSection(SolutionProperties) = preSolution
		HideSolutionNode = FALSE
	EndGlobalSection
EndGlobal
